
Microsoft Visual Studio Solution File, Format Version 12.00
# Visual Studio Version 17
VisualStudioVersion = 17.9.34728.123
MinimumVisualStudioVersion = 10.0.40219.1
Project("{FAE04EC0-301F-11D3-BF4B-00C04F79EFBC}") = "AdMirai", "AdMirai.csproj", "{89F2AE98-B6A2-4D4A-9229-3BB07725D049}"
EndProject
Global
	GlobalSection(SolutionConfigurationPlatforms) = preSolution
		Debug|Any CPU = Debug|Any CPU
		Release|Any CPU = Release|Any CPU
	EndGlobalSection
	GlobalSection(ProjectConfigurationPlatforms) = postSolution
		{89F2AE98-B6A2-4D4A-9229-3BB07725D049}.Debug|Any CPU.ActiveCfg = Debug|Any CPU
		{89F2AE98-B6A2-4D4A-9229-3BB07725D049}.Debug|Any CPU.Build.0 = Debug|Any CPU
		{89F2AE98-B6A2-4D4A-9229-3BB07725D049}.Release|Any CPU.ActiveCfg = Release|Any CPU
		{89F2AE98-B6A2-4D4A-9229-3BB07725D049}.Release|Any CPU.Build.0 = Release|Any CPU
	EndGlobalSection
	GlobalSection(SolutionProperties) = preSolution
		HideSolutionNode = FALSE
	EndGlobalSection
	GlobalSection(ExtensibilityGlobals) = postSolution
		SolutionGuid = {67AC6E27-ED42-4A9F-B587-0C4FBC4D4495}
	EndGlobalSection
EndGlobal
